
Microsoft Visual Studio Solution File, Format Version 12.00
# Visual Studio 2012
Project("{FAE04EC0-301F-11D3-BF4B-00C04F79EFBC}") = "antlr_csharp", "antlr_csharp\antlr_csharp.csproj", "{80F2C69A-A529-4760-BC4B-28320BF1982B}"
EndProject
Global
	GlobalSection(SolutionConfigurationPlatforms) = preSolution
		Debug|Any CPU = Debug|Any CPU
		Release|Any CPU = Release|Any CPU
	EndGlobalSection
	GlobalSection(ProjectConfigurationPlatforms) = postSolution
		{80F2C69A-A529-4760-BC4B-28320BF1982B}.Debug|Any CPU.ActiveCfg = Debug|Any CPU
		{80F2C69A-A529-4760-BC4B-28320BF1982B}.Debug|Any CPU.Build.0 = Debug|Any CPU
		{80F2C69A-A529-4760-BC4B-28320BF1982B}.Release|Any CPU.ActiveCfg = Release|Any CPU
		{80F2C69A-A529-4760-BC4B-28320BF1982B}.Release|Any CPU.Build.0 = Release|Any CPU
	EndGlobalSection
	GlobalSection(SolutionProperties) = preSolution
		HideSolutionNode = FALSE
	EndGlobalSection
EndGlobal
